
Microsoft Visual Studio Solution File, Format Version 12.00
# Visual Studio Version 16
VisualStudioVersion = 16.0.29709.97
MinimumVisualStudioVersion = 10.0.40219.1
Project("{FAE04EC0-301F-11D3-BF4B-00C04F79EFBC}") = "CertificateRegistry3", "CertificateRegistry3\CertificateRegistry3.csproj", "{FCA6299A-36E5-4E04-9550-786959C1B7A7}"
EndProject
Project("{FAE04EC0-301F-11D3-BF4B-00C04F79EFBC}") = "CertificateRegistryInstaller", "CertificateRegistryInstaller\CertificateRegistryInstaller.csproj", "{090D3643-AC29-442C-B143-4DB50861A2F8}"
	ProjectSection(ProjectDependencies) = postProject
		{FCA6299A-36E5-4E04-9550-786959C1B7A7} = {FCA6299A-36E5-4E04-9550-786959C1B7A7}
	EndProjectSection
EndProject
Project("{2150E333-8FDC-42A3-9474-1A3956D46DE8}") = "Solution Items", "Solution Items", "{1C413548-801A-426B-8893-FF3B941774A4}"
	ProjectSection(SolutionItems) = preProject
		.editorconfig = .editorconfig
	EndProjectSection
EndProject
Global
	GlobalSection(SolutionConfigurationPlatforms) = preSolution
		Debug|Any CPU = Debug|Any CPU
		Debug|x86 = Debug|x86
		Release|Any CPU = Release|Any CPU
		Release|x86 = Release|x86
	EndGlobalSection
	GlobalSection(ProjectConfigurationPlatforms) = postSolution
		{FCA6299A-36E5-4E04-9550-786959C1B7A7}.Debug|Any CPU.ActiveCfg = Debug|x86
		{FCA6299A-36E5-4E04-9550-786959C1B7A7}.Debug|Any CPU.Build.0 = Debug|x86
		{FCA6299A-36E5-4E04-9550-786959C1B7A7}.Debug|x86.ActiveCfg = Release|x86
		{FCA6299A-36E5-4E04-9550-786959C1B7A7}.Debug|x86.Build.0 = Release|x86
		{FCA6299A-36E5-4E04-9550-786959C1B7A7}.Release|Any CPU.ActiveCfg = Release|x86
		{FCA6299A-36E5-4E04-9550-786959C1B7A7}.Release|Any CPU.Build.0 = Release|x86
		{FCA6299A-36E5-4E04-9550-786959C1B7A7}.Release|x86.ActiveCfg = Release|x86
		{FCA6299A-36E5-4E04-9550-786959C1B7A7}.Release|x86.Build.0 = Release|x86
		{090D3643-AC29-442C-B143-4DB50861A2F8}.Debug|Any CPU.ActiveCfg = Debug|Any CPU
		{090D3643-AC29-442C-B143-4DB50861A2F8}.Debug|Any CPU.Build.0 = Debug|Any CPU
		{090D3643-AC29-442C-B143-4DB50861A2F8}.Debug|x86.ActiveCfg = Release|Any CPU
		{090D3643-AC29-442C-B143-4DB50861A2F8}.Debug|x86.Build.0 = Release|Any CPU
		{090D3643-AC29-442C-B143-4DB50861A2F8}.Release|Any CPU.ActiveCfg = Release|Any CPU
		{090D3643-AC29-442C-B143-4DB50861A2F8}.Release|Any CPU.Build.0 = Release|Any CPU
		{090D3643-AC29-442C-B143-4DB50861A2F8}.Release|x86.ActiveCfg = Release|Any CPU
		{090D3643-AC29-442C-B143-4DB50861A2F8}.Release|x86.Build.0 = Release|Any CPU
	EndGlobalSection
	GlobalSection(SolutionProperties) = preSolution
		HideSolutionNode = FALSE
	EndGlobalSection
	GlobalSection(ExtensibilityGlobals) = postSolution
		SolutionGuid = {B66C9E71-E0AF-4EBA-A5C5-35D14018EB9D}
	EndGlobalSection
EndGlobal
